// !$*UTF8*$!
{
	archiveVersion = 1;
	classes = {
	};
	objectVersion = 46;
	objects = {

/* Begin PBXBuildFile section */
		3775D8E01BD2DDAC00801F0B /* VMAPI.m in Sources */ = {isa = PBXBuildFile; fileRef = 3775D8DF1BD2DDAC00801F0B /* VMAPI.m */; };
		3775D8F41BD3D3F100801F0B /* VMExchangeRateModel.m in Sources */ = {isa = PBXBuildFile; fileRef = 3775D8F31BD3D3F100801F0B /* VMExchangeRateModel.m */; };
		3775D8F71BD3D85700801F0B /* VMAPIAdapter.m in Sources */ = {isa = PBXBuildFile; fileRef = 3775D8F61BD3D85700801F0B /* VMAPIAdapter.m */; };
		3775D8FC1BD3D86200801F0B /* VMHomeScreenViewController.m in Sources */ = {isa = PBXBuildFile; fileRef = 3775D8F91BD3D86200801F0B /* VMHomeScreenViewController.m */; };
		3775D8FD1BD3D86200801F0B /* VMHomeScreenViewModel.m in Sources */ = {isa = PBXBuildFile; fileRef = 3775D8FB1BD3D86200801F0B /* VMHomeScreenViewModel.m */; };
		3775D9001BD3D86F00801F0B /* VMExchangeFacade.m in Sources */ = {isa = PBXBuildFile; fileRef = 3775D8FF1BD3D86F00801F0B /* VMExchangeFacade.m */; };
		3775D9051BD3DBFC00801F0B /* VMExchangeValuesHelper.m in Sources */ = {isa = PBXBuildFile; fileRef = 3775D9041BD3DBFC00801F0B /* VMExchangeValuesHelper.m */; };
		378AE8FC1BD190EC00B46355 /* main.m in Sources */ = {isa = PBXBuildFile; fileRef = 378AE8FB1BD190EC00B46355 /* main.m */; };
		378AE8FF1BD190EC00B46355 /* AppDelegate.m in Sources */ = {isa = PBXBuildFile; fileRef = 378AE8FE1BD190EC00B46355 /* AppDelegate.m */; };
		378AE9051BD190EC00B46355 /* Main.storyboard in Resources */ = {isa = PBXBuildFile; fileRef = 378AE9031BD190EC00B46355 /* Main.storyboard */; };
		378AE9071BD190EC00B46355 /* Images.xcassets in Resources */ = {isa = PBXBuildFile; fileRef = 378AE9061BD190EC00B46355 /* Images.xcassets */; };
		378AE90A1BD190EC00B46355 /* LaunchScreen.xib in Resources */ = {isa = PBXBuildFile; fileRef = 378AE9081BD190EC00B46355 /* LaunchScreen.xib */; };
		38FE48C16E4EA8A6F1C9B910 /* libPods-ExchangeRatesExample.a in Frameworks */ = {isa = PBXBuildFile; fileRef = 19EE58C68380C800609C2165 /* libPods-ExchangeRatesExample.a */; };
/* End PBXBuildFile section */

/* Begin PBXFileReference section */
		0CEECB9785BF5F9A5CD2BE9C /* Pods-ExchangeRatesExampleTests.debug.xcconfig */ = {isa = PBXFileReference; includeInIndex = 1; lastKnownFileType = text.xcconfig; name = "Pods-ExchangeRatesExampleTests.debug.xcconfig"; path = "Pods/Target Support Files/Pods-ExchangeRatesExampleTests/Pods-ExchangeRatesExampleTests.debug.xcconfig"; sourceTree = "<group>"; };
		19EE58C68380C800609C2165 /* libPods-ExchangeRatesExample.a */ = {isa = PBXFileReference; explicitFileType = archive.ar; includeInIndex = 0; path = "libPods-ExchangeRatesExample.a"; sourceTree = BUILT_PRODUCTS_DIR; };
		3775D8DE1BD2DDAC00801F0B /* VMAPI.h */ = {isa = PBXFileReference; fileEncoding = 4; lastKnownFileType = sourcecode.c.h; path = VMAPI.h; sourceTree = "<group>"; };
		3775D8DF1BD2DDAC00801F0B /* VMAPI.m */ = {isa = PBXFileReference; fileEncoding = 4; lastKnownFileType = sourcecode.c.objc; path = VMAPI.m; sourceTree = "<group>"; };
		3775D8F21BD3D3F100801F0B /* VMExchangeRateModel.h */ = {isa = PBXFileReference; fileEncoding = 4; lastKnownFileType = sourcecode.c.h; path = VMExchangeRateModel.h; sourceTree = "<group>"; };
		3775D8F31BD3D3F100801F0B /* VMExchangeRateModel.m */ = {isa = PBXFileReference; fileEncoding = 4; lastKnownFileType = sourcecode.c.objc; path = VMExchangeRateModel.m; sourceTree = "<group>"; };
		3775D8F51BD3D85700801F0B /* VMAPIAdapter.h */ = {isa = PBXFileReference; fileEncoding = 4; lastKnownFileType = sourcecode.c.h; path = VMAPIAdapter.h; sourceTree = "<group>"; };
		3775D8F61BD3D85700801F0B /* VMAPIAdapter.m */ = {isa = PBXFileReference; fileEncoding = 4; lastKnownFileType = sourcecode.c.objc; path = VMAPIAdapter.m; sourceTree = "<group>"; };
		3775D8F81BD3D86200801F0B /* VMHomeScreenViewController.h */ = {isa = PBXFileReference; fileEncoding = 4; lastKnownFileType = sourcecode.c.h; name = VMHomeScreenViewController.h; path = VMHomeScreenViewController/VMHomeScreenViewController.h; sourceTree = "<group>"; };
		3775D8F91BD3D86200801F0B /* VMHomeScreenViewController.m */ = {isa = PBXFileReference; fileEncoding = 4; lastKnownFileType = sourcecode.c.objc; name = VMHomeScreenViewController.m; path = VMHomeScreenViewController/VMHomeScreenViewController.m; sourceTree = "<group>"; };
		3775D8FA1BD3D86200801F0B /* VMHomeScreenViewModel.h */ = {isa = PBXFileReference; fileEncoding = 4; lastKnownFileType = sourcecode.c.h; name = VMHomeScreenViewModel.h; path = VMHomeScreenViewController/VMHomeScreenViewModel.h; sourceTree = "<group>"; };
		3775D8FB1BD3D86200801F0B /* VMHomeScreenViewModel.m */ = {isa = PBXFileReference; fileEncoding = 4; lastKnownFileType = sourcecode.c.objc; name = VMHomeScreenViewModel.m; path = VMHomeScreenViewController/VMHomeScreenViewModel.m; sourceTree = "<group>"; };
		3775D8FE1BD3D86F00801F0B /* VMExchangeFacade.h */ = {isa = PBXFileReference; fileEncoding = 4; lastKnownFileType = sourcecode.c.h; path = VMExchangeFacade.h; sourceTree = "<group>"; };
		3775D8FF1BD3D86F00801F0B /* VMExchangeFacade.m */ = {isa = PBXFileReference; fileEncoding = 4; lastKnownFileType = sourcecode.c.objc; path = VMExchangeFacade.m; sourceTree = "<group>"; };
		3775D9031BD3DBFC00801F0B /* VMExchangeValuesHelper.h */ = {isa = PBXFileReference; fileEncoding = 4; lastKnownFileType = sourcecode.c.h; path = VMExchangeValuesHelper.h; sourceTree = "<group>"; };
		3775D9041BD3DBFC00801F0B /* VMExchangeValuesHelper.m */ = {isa = PBXFileReference; fileEncoding = 4; lastKnownFileType = sourcecode.c.objc; path = VMExchangeValuesHelper.m; sourceTree = "<group>"; };
		378AE8F61BD190EC00B46355 /* ExchangeRatesExample.app */ = {isa = PBXFileReference; explicitFileType = wrapper.application; includeInIndex = 0; path = ExchangeRatesExample.app; sourceTree = BUILT_PRODUCTS_DIR; };
		378AE8FA1BD190EC00B46355 /* Info.plist */ = {isa = PBXFileReference; lastKnownFileType = text.plist.xml; path = Info.plist; sourceTree = "<group>"; };
		378AE8FB1BD190EC00B46355 /* main.m */ = {isa = PBXFileReference; lastKnownFileType = sourcecode.c.objc; path = main.m; sourceTree = "<group>"; };
		378AE8FD1BD190EC00B46355 /* AppDelegate.h */ = {isa = PBXFileReference; lastKnownFileType = sourcecode.c.h; path = AppDelegate.h; sourceTree = "<group>"; };
		378AE8FE1BD190EC00B46355 /* AppDelegate.m */ = {isa = PBXFileReference; lastKnownFileType = sourcecode.c.objc; path = AppDelegate.m; sourceTree = "<group>"; };
		378AE9041BD190EC00B46355 /* Base */ = {isa = PBXFileReference; lastKnownFileType = file.storyboard; name = Base; path = Base.lproj/Main.storyboard; sourceTree = "<group>"; };
		378AE9061BD190EC00B46355 /* Images.xcassets */ = {isa = PBXFileReference; lastKnownFileType = folder.assetcatalog; path = Images.xcassets; sourceTree = "<group>"; };
		378AE9091BD190EC00B46355 /* Base */ = {isa = PBXFileReference; lastKnownFileType = file.xib; name = Base; path = Base.lproj/LaunchScreen.xib; sourceTree = "<group>"; };
		7D703A24A8B171B7ED972132 /* Pods-ExchangeRatesExample.debug.xcconfig */ = {isa = PBXFileReference; includeInIndex = 1; lastKnownFileType = text.xcconfig; name = "Pods-ExchangeRatesExample.debug.xcconfig"; path = "Pods/Target Support Files/Pods-ExchangeRatesExample/Pods-ExchangeRatesExample.debug.xcconfig"; sourceTree = "<group>"; };
		7DD9DF07058C19B8A5056B65 /* libPods-ExchangeRatesExampleTests.a */ = {isa = PBXFileReference; explicitFileType = archive.ar; includeInIndex = 0; path = "libPods-ExchangeRatesExampleTests.a"; sourceTree = BUILT_PRODUCTS_DIR; };
		BD993422E1232553FB4B52C1 /* Pods-ExchangeRatesExample.release.xcconfig */ = {isa = PBXFileReference; includeInIndex = 1; lastKnownFileType = text.xcconfig; name = "Pods-ExchangeRatesExample.release.xcconfig"; path = "Pods/Target Support Files/Pods-ExchangeRatesExample/Pods-ExchangeRatesExample.release.xcconfig"; sourceTree = "<group>"; };
		F0AD62F1BB38EF98FA11A602 /* Pods-ExchangeRatesExampleTests.release.xcconfig */ = {isa = PBXFileReference; includeInIndex = 1; lastKnownFileType = text.xcconfig; name = "Pods-ExchangeRatesExampleTests.release.xcconfig"; path = "Pods/Target Support Files/Pods-ExchangeRatesExampleTests/Pods-ExchangeRatesExampleTests.release.xcconfig"; sourceTree = "<group>"; };
/* End PBXFileReference section */

/* Begin PBXFrameworksBuildPhase section */
		378AE8F31BD190EC00B46355 /* Frameworks */ = {
			isa = PBXFrameworksBuildPhase;
			buildActionMask = 2147483647;
			files = (
				38FE48C16E4EA8A6F1C9B910 /* libPods-ExchangeRatesExample.a in Frameworks */,
			);
			runOnlyForDeploymentPostprocessing = 0;
		};
/* End PBXFrameworksBuildPhase section */

/* Begin PBXGroup section */
		3775D8E71BD2DE1E00801F0B /* Facades */ = {
			isa = PBXGroup;
			children = (
				3775D8FE1BD3D86F00801F0B /* VMExchangeFacade.h */,
				3775D8FF1BD3D86F00801F0B /* VMExchangeFacade.m */,
			);
			path = Facades;
			sourceTree = "<group>";
		};
		3775D8E81BD2DE2700801F0B /* Adapters */ = {
			isa = PBXGroup;
			children = (
				3775D8F51BD3D85700801F0B /* VMAPIAdapter.h */,
				3775D8F61BD3D85700801F0B /* VMAPIAdapter.m */,
			);
			path = Adapters;
			sourceTree = "<group>";
		};
		3775D8EF1BD2DE8800801F0B /* Controllers */ = {
			isa = PBXGroup;
			children = (
				3775D8F01BD2DE9100801F0B /* VMHomeScreenViewController */,
			);
			path = Controllers;
			sourceTree = "<group>";
		};
		3775D8F01BD2DE9100801F0B /* VMHomeScreenViewController */ = {
			isa = PBXGroup;
			children = (
				3775D8F81BD3D86200801F0B /* VMHomeScreenViewController.h */,
				3775D8F91BD3D86200801F0B /* VMHomeScreenViewController.m */,
				3775D8FA1BD3D86200801F0B /* VMHomeScreenViewModel.h */,
				3775D8FB1BD3D86200801F0B /* VMHomeScreenViewModel.m */,
			);
			name = VMHomeScreenViewController;
			sourceTree = "<group>";
		};
		3775D8F11BD3D3C800801F0B /* Models */ = {
			isa = PBXGroup;
			children = (
				3775D8F21BD3D3F100801F0B /* VMExchangeRateModel.h */,
				3775D8F31BD3D3F100801F0B /* VMExchangeRateModel.m */,
			);
			path = Models;
			sourceTree = "<group>";
		};
		3775D9021BD3DBB400801F0B /* Helpers */ = {
			isa = PBXGroup;
			children = (
				3775D9031BD3DBFC00801F0B /* VMExchangeValuesHelper.h */,
				3775D9041BD3DBFC00801F0B /* VMExchangeValuesHelper.m */,
			);
			path = Helpers;
			sourceTree = "<group>";
		};
		378AE8ED1BD190EC00B46355 = {
			isa = PBXGroup;
			children = (
				378AE8F81BD190EC00B46355 /* ExchangeRatesExample */,
				378AE8F71BD190EC00B46355 /* Products */,
				E26F75092A82DD9244AE14EF /* Pods */,
				F2CB6698F0E77BF8182F2801 /* Frameworks */,
			);
			sourceTree = "<group>";
		};
		378AE8F71BD190EC00B46355 /* Products */ = {
			isa = PBXGroup;
			children = (
				378AE8F61BD190EC00B46355 /* ExchangeRatesExample.app */,
			);
			name = Products;
			sourceTree = "<group>";
		};
		378AE8F81BD190EC00B46355 /* ExchangeRatesExample */ = {
			isa = PBXGroup;
			children = (
				3775D9021BD3DBB400801F0B /* Helpers */,
				3775D8F11BD3D3C800801F0B /* Models */,
				3775D8E71BD2DE1E00801F0B /* Facades */,
				3775D8E81BD2DE2700801F0B /* Adapters */,
				3775D8EF1BD2DE8800801F0B /* Controllers */,
				3775D8DE1BD2DDAC00801F0B /* VMAPI.h */,
				3775D8DF1BD2DDAC00801F0B /* VMAPI.m */,
				378AE8FD1BD190EC00B46355 /* AppDelegate.h */,
				378AE8FE1BD190EC00B46355 /* AppDelegate.m */,
				378AE9031BD190EC00B46355 /* Main.storyboard */,
				378AE9061BD190EC00B46355 /* Images.xcassets */,
				378AE9081BD190EC00B46355 /* LaunchScreen.xib */,
				378AE8F91BD190EC00B46355 /* Supporting Files */,
			);
			path = ExchangeRatesExample;
			sourceTree = "<group>";
		};
		378AE8F91BD190EC00B46355 /* Supporting Files */ = {
			isa = PBXGroup;
			children = (
				378AE8FA1BD190EC00B46355 /* Info.plist */,
				378AE8FB1BD190EC00B46355 /* main.m */,
			);
			name = "Supporting Files";
			sourceTree = "<group>";
		};
		E26F75092A82DD9244AE14EF /* Pods */ = {
			isa = PBXGroup;
			children = (
				7D703A24A8B171B7ED972132 /* Pods-ExchangeRatesExample.debug.xcconfig */,
				BD993422E1232553FB4B52C1 /* Pods-ExchangeRatesExample.release.xcconfig */,
				0CEECB9785BF5F9A5CD2BE9C /* Pods-ExchangeRatesExampleTests.debug.xcconfig */,
				F0AD62F1BB38EF98FA11A602 /* Pods-ExchangeRatesExampleTests.release.xcconfig */,
			);
			name = Pods;
			sourceTree = "<group>";
		};
		F2CB6698F0E77BF8182F2801 /* Frameworks */ = {
			isa = PBXGroup;
			children = (
				19EE58C68380C800609C2165 /* libPods-ExchangeRatesExample.a */,
				7DD9DF07058C19B8A5056B65 /* libPods-ExchangeRatesExampleTests.a */,
			);
			name = Frameworks;
			sourceTree = "<group>";
		};
/* End PBXGroup section */

/* Begin PBXNativeTarget section */
		378AE8F51BD190EC00B46355 /* ExchangeRatesExample */ = {
			isa = PBXNativeTarget;
			buildConfigurationList = 378AE9191BD190ED00B46355 /* Build configuration list for PBXNativeTarget "ExchangeRatesExample" */;
			buildPhases = (
				F5F120269C9570808162C45D /* Check Pods Manifest.lock */,
				378AE8F21BD190EC00B46355 /* Sources */,
				378AE8F31BD190EC00B46355 /* Frameworks */,
				378AE8F41BD190EC00B46355 /* Resources */,
				90BDE919E13F77A29237CDE3 /* Copy Pods Resources */,
			);
			buildRules = (
			);
			dependencies = (
			);
			name = ExchangeRatesExample;
			productName = ExchangeRatesExample;
			productReference = 378AE8F61BD190EC00B46355 /* ExchangeRatesExample.app */;
			productType = "com.apple.product-type.application";
		};
/* End PBXNativeTarget section */

/* Begin PBXProject section */
		378AE8EE1BD190EC00B46355 /* Project object */ = {
			isa = PBXProject;
			attributes = {
				CLASSPREFIX = VM;
				LastUpgradeCheck = 0640;
				ORGANIZATIONNAME = "Artem Shilin";
				TargetAttributes = {
					378AE8F51BD190EC00B46355 = {
						CreatedOnToolsVersion = 6.4;
					};
				};
			};
			buildConfigurationList = 378AE8F11BD190EC00B46355 /* Build configuration list for PBXProject "ExchangeRatesExample" */;
			compatibilityVersion = "Xcode 3.2";
			developmentRegion = English;
			hasScannedForEncodings = 0;
			knownRegions = (
				en,
				Base,
			);
			mainGroup = 378AE8ED1BD190EC00B46355;
			productRefGroup = 378AE8F71BD190EC00B46355 /* Products */;
			projectDirPath = "";
			projectRoot = "";
			targets = (
				378AE8F51BD190EC00B46355 /* ExchangeRatesExample */,
			);
		};
/* End PBXProject section */

/* Begin PBXResourcesBuildPhase section */
		378AE8F41BD190EC00B46355 /* Resources */ = {
			isa = PBXResourcesBuildPhase;
			buildActionMask = 2147483647;
			files = (
				378AE9051BD190EC00B46355 /* Main.storyboard in Resources */,
				378AE90A1BD190EC00B46355 /* LaunchScreen.xib in Resources */,
				378AE9071BD190EC00B46355 /* Images.xcassets in Resources */,
			);
			runOnlyForDeploymentPostprocessing = 0;
		};
/* End PBXResourcesBuildPhase section */

/* Begin PBXShellScriptBuildPhase section */
		90BDE919E13F77A29237CDE3 /* Copy Pods Resources */ = {
			isa = PBXShellScriptBuildPhase;
			buildActionMask = 2147483647;
			files = (
			);
			inputPaths = (
			);
			name = "Copy Pods Resources";
			outputPaths = (
			);
			runOnlyForDeploymentPostprocessing = 0;
			shellPath = /bin/sh;
			shellScript = "\"${SRCROOT}/Pods/Target Support Files/Pods-ExchangeRatesExample/Pods-ExchangeRatesExample-resources.sh\"\n";
			showEnvVarsInLog = 0;
		};
		F5F120269C9570808162C45D /* Check Pods Manifest.lock */ = {
			isa = PBXShellScriptBuildPhase;
			buildActionMask = 2147483647;
			files = (
			);
			inputPaths = (
			);
			name = "Check Pods Manifest.lock";
			outputPaths = (
			);
			runOnlyForDeploymentPostprocessing = 0;
			shellPath = /bin/sh;
			shellScript = "diff \"${PODS_ROOT}/../Podfile.lock\" \"${PODS_ROOT}/Manifest.lock\" > /dev/null\nif [[ $? != 0 ]] ; then\n    cat << EOM\nerror: The sandbox is not in sync with the Podfile.lock. Run 'pod install' or update your CocoaPods installation.\nEOM\n    exit 1\nfi\n";
			showEnvVarsInLog = 0;
		};
/* End PBXShellScriptBuildPhase section */

/* Begin PBXSourcesBuildPhase section */
		378AE8F21BD190EC00B46355 /* Sources */ = {
			isa = PBXSourcesBuildPhase;
			buildActionMask = 2147483647;
			files = (
				3775D8FD1BD3D86200801F0B /* VMHomeScreenViewModel.m in Sources */,
				3775D8E01BD2DDAC00801F0B /* VMAPI.m in Sources */,
				3775D8F41BD3D3F100801F0B /* VMExchangeRateModel.m in Sources */,
				378AE8FF1BD190EC00B46355 /* AppDelegate.m in Sources */,
				3775D8F71BD3D85700801F0B /* VMAPIAdapter.m in Sources */,
				3775D8FC1BD3D86200801F0B /* VMHomeScreenViewController.m in Sources */,
				3775D9051BD3DBFC00801F0B /* VMExchangeValuesHelper.m in Sources */,
				378AE8FC1BD190EC00B46355 /* main.m in Sources */,
				3775D9001BD3D86F00801F0B /* VMExchangeFacade.m in Sources */,
			);
			runOnlyForDeploymentPostprocessing = 0;
		};
/* End PBXSourcesBuildPhase section */

/* Begin PBXVariantGroup section */
		378AE9031BD190EC00B46355 /* Main.storyboard */ = {
			isa = PBXVariantGroup;
			children = (
				378AE9041BD190EC00B46355 /* Base */,
			);
			name = Main.storyboard;
			sourceTree = "<group>";
		};
		378AE9081BD190EC00B46355 /* LaunchScreen.xib */ = {
			isa = PBXVariantGroup;
			children = (
				378AE9091BD190EC00B46355 /* Base */,
			);
			name = LaunchScreen.xib;
			sourceTree = "<group>";
		};
/* End PBXVariantGroup section */

/* Begin XCBuildConfiguration section */
		378AE9171BD190ED00B46355 /* Debug */ = {
			isa = XCBuildConfiguration;
			buildSettings = {
				ALWAYS_SEARCH_USER_PATHS = NO;
				CLANG_CXX_LANGUAGE_STANDARD = "gnu++0x";
				CLANG_CXX_LIBRARY = "libc++";
				CLANG_ENABLE_MODULES = YES;
				CLANG_ENABLE_OBJC_ARC = YES;
				CLANG_WARN_BOOL_CONVERSION = YES;
				CLANG_WARN_CONSTANT_CONVERSION = YES;
				CLANG_WARN_DIRECT_OBJC_ISA_USAGE = YES_ERROR;
				CLANG_WARN_EMPTY_BODY = YES;
				CLANG_WARN_ENUM_CONVERSION = YES;
				CLANG_WARN_INT_CONVERSION = YES;
				CLANG_WARN_OBJC_ROOT_CLASS = YES_ERROR;
				CLANG_WARN_UNREACHABLE_CODE = YES;
				CLANG_WARN__DUPLICATE_METHOD_MATCH = YES;
				"CODE_SIGN_IDENTITY[sdk=iphoneos*]" = "iPhone Developer";
				COPY_PHASE_STRIP = NO;
				DEBUG_INFORMATION_FORMAT = "dwarf-with-dsym";
				ENABLE_STRICT_OBJC_MSGSEND = YES;
				GCC_C_LANGUAGE_STANDARD = gnu99;
				GCC_DYNAMIC_NO_PIC = NO;
				GCC_NO_COMMON_BLOCKS = YES;
				GCC_OPTIMIZATION_LEVEL = 0;
				GCC_PREPROCESSOR_DEFINITIONS = (
					"DEBUG=1",
					"$(inherited)",
				);
				GCC_SYMBOLS_PRIVATE_EXTERN = NO;
				GCC_WARN_64_TO_32_BIT_CONVERSION = YES;
				GCC_WARN_ABOUT_RETURN_TYPE = YES_ERROR;
				GCC_WARN_UNDECLARED_SELECTOR = YES;
				GCC_WARN_UNINITIALIZED_AUTOS = YES_AGGRESSIVE;
				GCC_WARN_UNUSED_FUNCTION = YES;
				GCC_WARN_UNUSED_VARIABLE = YES;
				IPHONEOS_DEPLOYMENT_TARGET = 8.0;
				MTL_ENABLE_DEBUG_INFO = YES;
				ONLY_ACTIVE_ARCH = YES;
				SDKROOT = iphoneos;
				TARGETED_DEVICE_FAMILY = "1,2";
			};
			name = Debug;
		};
		378AE9181BD190ED00B46355 /* Release */ = {
			isa = XCBuildConfiguration;
			buildSettings = {
				ALWAYS_SEARCH_USER_PATHS = NO;
				CLANG_CXX_LANGUAGE_STANDARD = "gnu++0x";
				CLANG_CXX_LIBRARY = "libc++";
				CLANG_ENABLE_MODULES = YES;
				CLANG_ENABLE_OBJC_ARC = YES;
				CLANG_WARN_BOOL_CONVERSION = YES;
				CLANG_WARN_CONSTANT_CONVERSION = YES;
				CLANG_WARN_DIRECT_OBJC_ISA_USAGE = YES_ERROR;
				CLANG_WARN_EMPTY_BODY = YES;
				CLANG_WARN_ENUM_CONVERSION = YES;
				CLANG_WARN_INT_CONVERSION = YES;
				CLANG_WARN_OBJC_ROOT_CLASS = YES_ERROR;
				CLANG_WARN_UNREACHABLE_CODE = YES;
				CLANG_WARN__DUPLICATE_METHOD_MATCH = YES;
				"CODE_SIGN_IDENTITY[sdk=iphoneos*]" = "iPhone Developer";
				COPY_PHASE_STRIP = NO;
				DEBUG_INFORMATION_FORMAT = "dwarf-with-dsym";
				ENABLE_NS_ASSERTIONS = NO;
				ENABLE_STRICT_OBJC_MSGSEND = YES;
				GCC_C_LANGUAGE_STANDARD = gnu99;
				GCC_NO_COMMON_BLOCKS = YES;
				GCC_WARN_64_TO_32_BIT_CONVERSION = YES;
				GCC_WARN_ABOUT_RETURN_TYPE = YES_ERROR;
				GCC_WARN_UNDECLARED_SELECTOR = YES;
				GCC_WARN_UNINITIALIZED_AUTOS = YES_AGGRESSIVE;
				GCC_WARN_UNUSED_FUNCTION = YES;
				GCC_WARN_UNUSED_VARIABLE = YES;
				IPHONEOS_DEPLOYMENT_TARGET = 8.0;
				MTL_ENABLE_DEBUG_INFO = NO;
				SDKROOT = iphoneos;
				TARGETED_DEVICE_FAMILY = "1,2";
				VALIDATE_PRODUCT = YES;
			};
			name = Release;
		};
		378AE91A1BD190ED00B46355 /* Debug */ = {
			isa = XCBuildConfiguration;
			baseConfigurationReference = 7D703A24A8B171B7ED972132 /* Pods-ExchangeRatesExample.debug.xcconfig */;
			buildSettings = {
				ASSETCATALOG_COMPILER_APPICON_NAME = AppIcon;
				INFOPLIST_FILE = ExchangeRatesExample/Info.plist;
				IPHONEOS_DEPLOYMENT_TARGET = 8.0;
				LD_RUNPATH_SEARCH_PATHS = "$(inherited) @executable_path/Frameworks";
				PRODUCT_NAME = "$(TARGET_NAME)";
			};
			name = Debug;
		};
		378AE91B1BD190ED00B46355 /* Release */ = {
			isa = XCBuildConfiguration;
			baseConfigurationReference = BD993422E1232553FB4B52C1 /* Pods-ExchangeRatesExample.release.xcconfig */;
			buildSettings = {
				ASSETCATALOG_COMPILER_APPICON_NAME = AppIcon;
				INFOPLIST_FILE = ExchangeRatesExample/Info.plist;
				IPHONEOS_DEPLOYMENT_TARGET = 8.0;
				LD_RUNPATH_SEARCH_PATHS = "$(inherited) @executable_path/Frameworks";
				PRODUCT_NAME = "$(TARGET_NAME)";
			};
			name = Release;
		};
/* End XCBuildConfiguration section */

/* Begin XCConfigurationList section */
		378AE8F11BD190EC00B46355 /* Build configuration list for PBXProject "ExchangeRatesExample" */ = {
			isa = XCConfigurationList;
			buildConfigurations = (
				378AE9171BD190ED00B46355 /* Debug */,
				378AE9181BD190ED00B46355 /* Release */,
			);
			defaultConfigurationIsVisible = 0;
			defaultConfigurationName = Release;
		};
		378AE9191BD190ED00B46355 /* Build configuration list for PBXNativeTarget "ExchangeRatesExample" */ = {
			isa = XCConfigurationList;
			buildConfigurations = (
				378AE91A1BD190ED00B46355 /* Debug */,
				378AE91B1BD190ED00B46355 /* Release */,
			);
			defaultConfigurationIsVisible = 0;
			defaultConfigurationName = Release;
		};
/* End XCConfigurationList section */
	};
	rootObject = 378AE8EE1BD190EC00B46355 /* Project object */;
}
